
Microsoft Visual Studio Solution File, Format Version 12.00
# Visual Studio Version 17
VisualStudioVersion = 17.14.36221.1
MinimumVisualStudioVersion = 10.0.40219.1
Project("{FAE04EC0-301F-11D3-BF4B-00C04F79EFBC}") = "TaskTracker.API", "TaskTracker.API\TaskTracker.API.csproj", "{515FFDBA-9370-4133-A351-BA1F63C55188}"
EndProject
Project("{FAE04EC0-301F-11D3-BF4B-00C04F79EFBC}") = "TaskTracker.Domain", "TaskTracker.Domain\TaskTracker.Domain.csproj", "{A959BE4C-BFB9-493A-B449-1A7627F1F68F}"
EndProject
Project("{FAE04EC0-301F-11D3-BF4B-00C04F79EFBC}") = "TaskTracker.Application", "TaskTracker.Application\TaskTracker.Application.csproj", "{41E99225-F2CB-49ED-92FA-AA5C89C8857A}"
EndProject
Project("{FAE04EC0-301F-11D3-BF4B-00C04F79EFBC}") = "TaskTracker.Infrastructure", "TaskTracker.Infrastructure\TaskTracker.Infrastructure.csproj", "{42B0AF3F-C0B2-4C41-8892-1CC41311ECD8}"
EndProject
Project("{FAE04EC0-301F-11D3-BF4B-00C04F79EFBC}") = "TaskTracker.Persistence", "TaskTracker.Persistence\TaskTracker.Persistence.csproj", "{4B6F34A0-9F18-4A4D-9457-51B553857209}"
EndProject
Project("{FAE04EC0-301F-11D3-BF4B-00C04F79EFBC}") = "TaskTracker.Database", "TaskTracker.Database\TaskTracker.Database.csproj", "{07556285-D04D-48D2-AB69-459B098BB078}"
EndProject
Project("{FAE04EC0-301F-11D3-BF4B-00C04F79EFBC}") = "TaskTracker.Client", "TaskTracker.Client\TaskTracker.Client.csproj", "{EBE1AA0C-CEB7-43B0-8371-120632DFEDAC}"
EndProject
Project("{FAE04EC0-301F-11D3-BF4B-00C04F79EFBC}") = "TaskTracker.Functions", "TaskTracker.Functions\TaskTracker.Functions.csproj", "{FF9E6813-DA09-4685-A965-8DF727F21D32}"
EndProject
Global
	GlobalSection(SolutionConfigurationPlatforms) = preSolution
		Debug|Any CPU = Debug|Any CPU
		Debug|x64 = Debug|x64
		Debug|x86 = Debug|x86
		Release|Any CPU = Release|Any CPU
		Release|x64 = Release|x64
		Release|x86 = Release|x86
	EndGlobalSection
	GlobalSection(ProjectConfigurationPlatforms) = postSolution
		{515FFDBA-9370-4133-A351-BA1F63C55188}.Debug|Any CPU.ActiveCfg = Debug|Any CPU
		{515FFDBA-9370-4133-A351-BA1F63C55188}.Debug|Any CPU.Build.0 = Debug|Any CPU
		{515FFDBA-9370-4133-A351-BA1F63C55188}.Debug|x64.ActiveCfg = Debug|Any CPU
		{515FFDBA-9370-4133-A351-BA1F63C55188}.Debug|x64.Build.0 = Debug|Any CPU
		{515FFDBA-9370-4133-A351-BA1F63C55188}.Debug|x86.ActiveCfg = Debug|Any CPU
		{515FFDBA-9370-4133-A351-BA1F63C55188}.Debug|x86.Build.0 = Debug|Any CPU
		{515FFDBA-9370-4133-A351-BA1F63C55188}.Release|Any CPU.ActiveCfg = Release|Any CPU
		{515FFDBA-9370-4133-A351-BA1F63C55188}.Release|Any CPU.Build.0 = Release|Any CPU
		{515FFDBA-9370-4133-A351-BA1F63C55188}.Release|x64.ActiveCfg = Release|Any CPU
		{515FFDBA-9370-4133-A351-BA1F63C55188}.Release|x64.Build.0 = Release|Any CPU
		{515FFDBA-9370-4133-A351-BA1F63C55188}.Release|x86.ActiveCfg = Release|Any CPU
		{515FFDBA-9370-4133-A351-BA1F63C55188}.Release|x86.Build.0 = Release|Any CPU
		{A959BE4C-BFB9-493A-B449-1A7627F1F68F}.Debug|Any CPU.ActiveCfg = Debug|Any CPU
		{A959BE4C-BFB9-493A-B449-1A7627F1F68F}.Debug|Any CPU.Build.0 = Debug|Any CPU
		{A959BE4C-BFB9-493A-B449-1A7627F1F68F}.Debug|x64.ActiveCfg = Debug|Any CPU
		{A959BE4C-BFB9-493A-B449-1A7627F1F68F}.Debug|x64.Build.0 = Debug|Any CPU
		{A959BE4C-BFB9-493A-B449-1A7627F1F68F}.Debug|x86.ActiveCfg = Debug|Any CPU
		{A959BE4C-BFB9-493A-B449-1A7627F1F68F}.Debug|x86.Build.0 = Debug|Any CPU
		{A959BE4C-BFB9-493A-B449-1A7627F1F68F}.Release|Any CPU.ActiveCfg = Release|Any CPU
		{A959BE4C-BFB9-493A-B449-1A7627F1F68F}.Release|Any CPU.Build.0 = Release|Any CPU
		{A959BE4C-BFB9-493A-B449-1A7627F1F68F}.Release|x64.ActiveCfg = Release|Any CPU
		{A959BE4C-BFB9-493A-B449-1A7627F1F68F}.Release|x64.Build.0 = Release|Any CPU
		{A959BE4C-BFB9-493A-B449-1A7627F1F68F}.Release|x86.ActiveCfg = Release|Any CPU
		{A959BE4C-BFB9-493A-B449-1A7627F1F68F}.Release|x86.Build.0 = Release|Any CPU
		{41E99225-F2CB-49ED-92FA-AA5C89C8857A}.Debug|Any CPU.ActiveCfg = Debug|Any CPU
		{41E99225-F2CB-49ED-92FA-AA5C89C8857A}.Debug|Any CPU.Build.0 = Debug|Any CPU
		{41E99225-F2CB-49ED-92FA-AA5C89C8857A}.Debug|x64.ActiveCfg = Debug|Any CPU
		{41E99225-F2CB-49ED-92FA-AA5C89C8857A}.Debug|x64.Build.0 = Debug|Any CPU
		{41E99225-F2CB-49ED-92FA-AA5C89C8857A}.Debug|x86.ActiveCfg = Debug|Any CPU
		{41E99225-F2CB-49ED-92FA-AA5C89C8857A}.Debug|x86.Build.0 = Debug|Any CPU
		{41E99225-F2CB-49ED-92FA-AA5C89C8857A}.Release|Any CPU.ActiveCfg = Release|Any CPU
		{41E99225-F2CB-49ED-92FA-AA5C89C8857A}.Release|Any CPU.Build.0 = Release|Any CPU
		{41E99225-F2CB-49ED-92FA-AA5C89C8857A}.Release|x64.ActiveCfg = Release|Any CPU
		{41E99225-F2CB-49ED-92FA-AA5C89C8857A}.Release|x64.Build.0 = Release|Any CPU
		{41E99225-F2CB-49ED-92FA-AA5C89C8857A}.Release|x86.ActiveCfg = Release|Any CPU
		{41E99225-F2CB-49ED-92FA-AA5C89C8857A}.Release|x86.Build.0 = Release|Any CPU
		{42B0AF3F-C0B2-4C41-8892-1CC41311ECD8}.Debug|Any CPU.ActiveCfg = Debug|Any CPU
		{42B0AF3F-C0B2-4C41-8892-1CC41311ECD8}.Debug|Any CPU.Build.0 = Debug|Any CPU
		{42B0AF3F-C0B2-4C41-8892-1CC41311ECD8}.Debug|x64.ActiveCfg = Debug|Any CPU
		{42B0AF3F-C0B2-4C41-8892-1CC41311ECD8}.Debug|x64.Build.0 = Debug|Any CPU
		{42B0AF3F-C0B2-4C41-8892-1CC41311ECD8}.Debug|x86.ActiveCfg = Debug|Any CPU
		{42B0AF3F-C0B2-4C41-8892-1CC41311ECD8}.Debug|x86.Build.0 = Debug|Any CPU
		{42B0AF3F-C0B2-4C41-8892-1CC41311ECD8}.Release|Any CPU.ActiveCfg = Release|Any CPU
		{42B0AF3F-C0B2-4C41-8892-1CC41311ECD8}.Release|Any CPU.Build.0 = Release|Any CPU
		{42B0AF3F-C0B2-4C41-8892-1CC41311ECD8}.Release|x64.ActiveCfg = Release|Any CPU
		{42B0AF3F-C0B2-4C41-8892-1CC41311ECD8}.Release|x64.Build.0 = Release|Any CPU
		{42B0AF3F-C0B2-4C41-8892-1CC41311ECD8}.Release|x86.ActiveCfg = Release|Any CPU
		{42B0AF3F-C0B2-4C41-8892-1CC41311ECD8}.Release|x86.Build.0 = Release|Any CPU
		{4B6F34A0-9F18-4A4D-9457-51B553857209}.Debug|Any CPU.ActiveCfg = Debug|Any CPU
		{4B6F34A0-9F18-4A4D-9457-51B553857209}.Debug|Any CPU.Build.0 = Debug|Any CPU
		{4B6F34A0-9F18-4A4D-9457-51B553857209}.Debug|x64.ActiveCfg = Debug|Any CPU
		{4B6F34A0-9F18-4A4D-9457-51B553857209}.Debug|x64.Build.0 = Debug|Any CPU
		{4B6F34A0-9F18-4A4D-9457-51B553857209}.Debug|x86.ActiveCfg = Debug|Any CPU
		{4B6F34A0-9F18-4A4D-9457-51B553857209}.Debug|x86.Build.0 = Debug|Any CPU
		{4B6F34A0-9F18-4A4D-9457-51B553857209}.Release|Any CPU.ActiveCfg = Release|Any CPU
		{4B6F34A0-9F18-4A4D-9457-51B553857209}.Release|Any CPU.Build.0 = Release|Any CPU
		{4B6F34A0-9F18-4A4D-9457-51B553857209}.Release|x64.ActiveCfg = Release|Any CPU
		{4B6F34A0-9F18-4A4D-9457-51B553857209}.Release|x64.Build.0 = Release|Any CPU
		{4B6F34A0-9F18-4A4D-9457-51B553857209}.Release|x86.ActiveCfg = Release|Any CPU
		{4B6F34A0-9F18-4A4D-9457-51B553857209}.Release|x86.Build.0 = Release|Any CPU
		{07556285-D04D-48D2-AB69-459B098BB078}.Debug|Any CPU.ActiveCfg = Debug|Any CPU
		{07556285-D04D-48D2-AB69-459B098BB078}.Debug|Any CPU.Build.0 = Debug|Any CPU
		{07556285-D04D-48D2-AB69-459B098BB078}.Debug|x64.ActiveCfg = Debug|Any CPU
		{07556285-D04D-48D2-AB69-459B098BB078}.Debug|x64.Build.0 = Debug|Any CPU
		{07556285-D04D-48D2-AB69-459B098BB078}.Debug|x86.ActiveCfg = Debug|Any CPU
		{07556285-D04D-48D2-AB69-459B098BB078}.Debug|x86.Build.0 = Debug|Any CPU
		{07556285-D04D-48D2-AB69-459B098BB078}.Release|Any CPU.ActiveCfg = Release|Any CPU
		{07556285-D04D-48D2-AB69-459B098BB078}.Release|Any CPU.Build.0 = Release|Any CPU
		{07556285-D04D-48D2-AB69-459B098BB078}.Release|x64.ActiveCfg = Release|Any CPU
		{07556285-D04D-48D2-AB69-459B098BB078}.Release|x64.Build.0 = Release|Any CPU
		{07556285-D04D-48D2-AB69-459B098BB078}.Release|x86.ActiveCfg = Release|Any CPU
		{07556285-D04D-48D2-AB69-459B098BB078}.Release|x86.Build.0 = Release|Any CPU
		{EBE1AA0C-CEB7-43B0-8371-120632DFEDAC}.Debug|Any CPU.ActiveCfg = Debug|Any CPU
		{EBE1AA0C-CEB7-43B0-8371-120632DFEDAC}.Debug|Any CPU.Build.0 = Debug|Any CPU
		{EBE1AA0C-CEB7-43B0-8371-120632DFEDAC}.Debug|x64.ActiveCfg = Debug|Any CPU
		{EBE1AA0C-CEB7-43B0-8371-120632DFEDAC}.Debug|x64.Build.0 = Debug|Any CPU
		{EBE1AA0C-CEB7-43B0-8371-120632DFEDAC}.Debug|x86.ActiveCfg = Debug|Any CPU
		{EBE1AA0C-CEB7-43B0-8371-120632DFEDAC}.Debug|x86.Build.0 = Debug|Any CPU
		{EBE1AA0C-CEB7-43B0-8371-120632DFEDAC}.Release|Any CPU.ActiveCfg = Release|Any CPU
		{EBE1AA0C-CEB7-43B0-8371-120632DFEDAC}.Release|Any CPU.Build.0 = Release|Any CPU
		{EBE1AA0C-CEB7-43B0-8371-120632DFEDAC}.Release|x64.ActiveCfg = Release|Any CPU
		{EBE1AA0C-CEB7-43B0-8371-120632DFEDAC}.Release|x64.Build.0 = Release|Any CPU
		{EBE1AA0C-CEB7-43B0-8371-120632DFEDAC}.Release|x86.ActiveCfg = Release|Any CPU
		{EBE1AA0C-CEB7-43B0-8371-120632DFEDAC}.Release|x86.Build.0 = Release|Any CPU
		{FF9E6813-DA09-4685-A965-8DF727F21D32}.Debug|Any CPU.ActiveCfg = Debug|Any CPU
		{FF9E6813-DA09-4685-A965-8DF727F21D32}.Debug|Any CPU.Build.0 = Debug|Any CPU
		{FF9E6813-DA09-4685-A965-8DF727F21D32}.Debug|x64.ActiveCfg = Debug|Any CPU
		{FF9E6813-DA09-4685-A965-8DF727F21D32}.Debug|x64.Build.0 = Debug|Any CPU
		{FF9E6813-DA09-4685-A965-8DF727F21D32}.Debug|x86.ActiveCfg = Debug|Any CPU
		{FF9E6813-DA09-4685-A965-8DF727F21D32}.Debug|x86.Build.0 = Debug|Any CPU
		{FF9E6813-DA09-4685-A965-8DF727F21D32}.Release|Any CPU.ActiveCfg = Release|Any CPU
		{FF9E6813-DA09-4685-A965-8DF727F21D32}.Release|Any CPU.Build.0 = Release|Any CPU
		{FF9E6813-DA09-4685-A965-8DF727F21D32}.Release|x64.ActiveCfg = Release|Any CPU
		{FF9E6813-DA09-4685-A965-8DF727F21D32}.Release|x64.Build.0 = Release|Any CPU
		{FF9E6813-DA09-4685-A965-8DF727F21D32}.Release|x86.ActiveCfg = Release|Any CPU
		{FF9E6813-DA09-4685-A965-8DF727F21D32}.Release|x86.Build.0 = Release|Any CPU
	EndGlobalSection
	GlobalSection(SolutionProperties) = preSolution
		HideSolutionNode = FALSE
	EndGlobalSection
	GlobalSection(ExtensibilityGlobals) = postSolution
		SolutionGuid = {A804B44A-DF34-41B8-A41B-90FDBC05C12A}
	EndGlobalSection
EndGlobal
